
Microsoft Visual Studio Solution File, Format Version 12.00
# Visual Studio 15
VisualStudioVersion = 15.0.28307.421
MinimumVisualStudioVersion = 10.0.40219.1
Project("{FAE04EC0-301F-11D3-BF4B-00C04F79EFBC}") = "CursoUnitTesting.API", "CursoUnitTesting.API\CursoUnitTesting.API.csproj", "{A00A3AF6-5605-4532-98CF-DB32A3889C98}"
EndProject
Project("{FAE04EC0-301F-11D3-BF4B-00C04F79EFBC}") = "CursoUnitTesting.API.UnitTests", "CursoUnitTesting.API.UnitTests\CursoUnitTesting.API.UnitTests.csproj", "{72DEDB88-D29E-4803-9597-56519389044B}"
EndProject
Project("{FAE04EC0-301F-11D3-BF4B-00C04F79EFBC}") = "CursoUnitTesting.Business", "CursoUnitTesting.Business\CursoUnitTesting.Business.csproj", "{CE6DBD80-AC79-4EE7-91B6-460C69FF1A12}"
EndProject
Global
	GlobalSection(SolutionConfigurationPlatforms) = preSolution
		Debug|Any CPU = Debug|Any CPU
		Release|Any CPU = Release|Any CPU
	EndGlobalSection
	GlobalSection(ProjectConfigurationPlatforms) = postSolution
		{A00A3AF6-5605-4532-98CF-DB32A3889C98}.Debug|Any CPU.ActiveCfg = Debug|Any CPU
		{A00A3AF6-5605-4532-98CF-DB32A3889C98}.Debug|Any CPU.Build.0 = Debug|Any CPU
		{A00A3AF6-5605-4532-98CF-DB32A3889C98}.Release|Any CPU.ActiveCfg = Release|Any CPU
		{A00A3AF6-5605-4532-98CF-DB32A3889C98}.Release|Any CPU.Build.0 = Release|Any CPU
		{72DEDB88-D29E-4803-9597-56519389044B}.Debug|Any CPU.ActiveCfg = Debug|Any CPU
		{72DEDB88-D29E-4803-9597-56519389044B}.Debug|Any CPU.Build.0 = Debug|Any CPU
		{72DEDB88-D29E-4803-9597-56519389044B}.Release|Any CPU.ActiveCfg = Release|Any CPU
		{72DEDB88-D29E-4803-9597-56519389044B}.Release|Any CPU.Build.0 = Release|Any CPU
		{CE6DBD80-AC79-4EE7-91B6-460C69FF1A12}.Debug|Any CPU.ActiveCfg = Debug|Any CPU
		{CE6DBD80-AC79-4EE7-91B6-460C69FF1A12}.Debug|Any CPU.Build.0 = Debug|Any CPU
		{CE6DBD80-AC79-4EE7-91B6-460C69FF1A12}.Release|Any CPU.ActiveCfg = Release|Any CPU
		{CE6DBD80-AC79-4EE7-91B6-460C69FF1A12}.Release|Any CPU.Build.0 = Release|Any CPU
	EndGlobalSection
	GlobalSection(SolutionProperties) = preSolution
		HideSolutionNode = FALSE
	EndGlobalSection
	GlobalSection(ExtensibilityGlobals) = postSolution
		SolutionGuid = {BD554C99-C892-4E9C-98F0-D393EB144435}
	EndGlobalSection
EndGlobal
